
Microsoft Visual Studio Solution File, Format Version 12.00
# Visual Studio 15
VisualStudioVersion = 15.0.27428.2027
MinimumVisualStudioVersion = 10.0.40219.1
Project("{FAE04EC0-301F-11D3-BF4B-00C04F79EFBC}") = "TaskBWebApp", "TaskBWebApp\TaskBWebApp.csproj", "{EB1BC5D4-5195-4417-8B0E-C39280B57930}"
EndProject
Project("{FAE04EC0-301F-11D3-BF4B-00C04F79EFBC}") = "TaskBWebApp.Tests", "TaskBWebApp.Tests\TaskBWebApp.Tests.csproj", "{A17A9CA7-88B2-4735-A37F-CE6754A06687}"
EndProject
Global
	GlobalSection(SolutionConfigurationPlatforms) = preSolution
		Debug|Any CPU = Debug|Any CPU
		Release|Any CPU = Release|Any CPU
	EndGlobalSection
	GlobalSection(ProjectConfigurationPlatforms) = postSolution
		{EB1BC5D4-5195-4417-8B0E-C39280B57930}.Debug|Any CPU.ActiveCfg = Debug|Any CPU
		{EB1BC5D4-5195-4417-8B0E-C39280B57930}.Debug|Any CPU.Build.0 = Debug|Any CPU
		{EB1BC5D4-5195-4417-8B0E-C39280B57930}.Release|Any CPU.ActiveCfg = Release|Any CPU
		{EB1BC5D4-5195-4417-8B0E-C39280B57930}.Release|Any CPU.Build.0 = Release|Any CPU
		{A17A9CA7-88B2-4735-A37F-CE6754A06687}.Debug|Any CPU.ActiveCfg = Debug|Any CPU
		{A17A9CA7-88B2-4735-A37F-CE6754A06687}.Debug|Any CPU.Build.0 = Debug|Any CPU
		{A17A9CA7-88B2-4735-A37F-CE6754A06687}.Release|Any CPU.ActiveCfg = Release|Any CPU
		{A17A9CA7-88B2-4735-A37F-CE6754A06687}.Release|Any CPU.Build.0 = Release|Any CPU
	EndGlobalSection
	GlobalSection(SolutionProperties) = preSolution
		HideSolutionNode = FALSE
	EndGlobalSection
	GlobalSection(ExtensibilityGlobals) = postSolution
		SolutionGuid = {6742E033-8FB0-4603-90FB-2FA1470761E1}
	EndGlobalSection
EndGlobal
