
Microsoft Visual Studio Solution File, Format Version 12.00
# Visual Studio 15
VisualStudioVersion = 15.0.27428.2027
MinimumVisualStudioVersion = 10.0.40219.1
Project("{FAE04EC0-301F-11D3-BF4B-00C04F79EFBC}") = "ReleasePipeDemApp", "ReleasePipeDemApp\ReleasePipeDemApp.csproj", "{F28C42E9-DE04-48EC-A691-AA3EB4239E6A}"
EndProject
Project("{FAE04EC0-301F-11D3-BF4B-00C04F79EFBC}") = "ReleasePipeDemApp.Tests", "ReleasePipeDemApp.Tests\ReleasePipeDemApp.Tests.csproj", "{DD9DE165-D4AC-4F30-9A9B-5659FDB605C5}"
EndProject
Global
	GlobalSection(SolutionConfigurationPlatforms) = preSolution
		Debug|Any CPU = Debug|Any CPU
		Release|Any CPU = Release|Any CPU
	EndGlobalSection
	GlobalSection(ProjectConfigurationPlatforms) = postSolution
		{F28C42E9-DE04-48EC-A691-AA3EB4239E6A}.Debug|Any CPU.ActiveCfg = Debug|Any CPU
		{F28C42E9-DE04-48EC-A691-AA3EB4239E6A}.Debug|Any CPU.Build.0 = Debug|Any CPU
		{F28C42E9-DE04-48EC-A691-AA3EB4239E6A}.Release|Any CPU.ActiveCfg = Release|Any CPU
		{F28C42E9-DE04-48EC-A691-AA3EB4239E6A}.Release|Any CPU.Build.0 = Release|Any CPU
		{DD9DE165-D4AC-4F30-9A9B-5659FDB605C5}.Debug|Any CPU.ActiveCfg = Debug|Any CPU
		{DD9DE165-D4AC-4F30-9A9B-5659FDB605C5}.Debug|Any CPU.Build.0 = Debug|Any CPU
		{DD9DE165-D4AC-4F30-9A9B-5659FDB605C5}.Release|Any CPU.ActiveCfg = Release|Any CPU
		{DD9DE165-D4AC-4F30-9A9B-5659FDB605C5}.Release|Any CPU.Build.0 = Release|Any CPU
	EndGlobalSection
	GlobalSection(SolutionProperties) = preSolution
		HideSolutionNode = FALSE
	EndGlobalSection
	GlobalSection(ExtensibilityGlobals) = postSolution
		SolutionGuid = {F5128988-3CB0-4BF3-A11C-91E7E5062EBF}
	EndGlobalSection
EndGlobal
